
Microsoft Visual Studio Solution File, Format Version 12.00
# Visual Studio Version 17
VisualStudioVersion = 17.14.36401.2 d17.14
MinimumVisualStudioVersion = 10.0.40219.1
Project("{FAE04EC0-301F-11D3-BF4B-00C04F79EFBC}") = "WebProxy", "WebProxy\WebProxy.csproj", "{2DFED6A1-797C-448B-8D82-9B63AAECDC0D}"
EndProject
Global
	GlobalSection(SolutionConfigurationPlatforms) = preSolution
		Debug|Any CPU = Debug|Any CPU
		Release|Any CPU = Release|Any CPU
	EndGlobalSection
	GlobalSection(ProjectConfigurationPlatforms) = postSolution
		{2DFED6A1-797C-448B-8D82-9B63AAECDC0D}.Debug|Any CPU.ActiveCfg = Debug|Any CPU
		{2DFED6A1-797C-448B-8D82-9B63AAECDC0D}.Debug|Any CPU.Build.0 = Debug|Any CPU
		{2DFED6A1-797C-448B-8D82-9B63AAECDC0D}.Release|Any CPU.ActiveCfg = Release|Any CPU
		{2DFED6A1-797C-448B-8D82-9B63AAECDC0D}.Release|Any CPU.Build.0 = Release|Any CPU
	EndGlobalSection
	GlobalSection(SolutionProperties) = preSolution
		HideSolutionNode = FALSE
	EndGlobalSection
	GlobalSection(ExtensibilityGlobals) = postSolution
		SolutionGuid = {7A07F539-468E-4761-A82F-9F766F21EA7E}
	EndGlobalSection
EndGlobal
